
Microsoft Visual Studio Solution File, Format Version 12.00
# Visual Studio Version 16
VisualStudioVersion = 16.0.29503.13
MinimumVisualStudioVersion = 10.0.40219.1
Project("{9A19103F-16F7-4668-BE54-9A1E7A4F7556}") = "PaperCave_API", "PaperCave_API\PaperCave_API.csproj", "{C4BAD078-EC6A-41DE-90A0-BB791C8419D8}"
EndProject
Project("{9A19103F-16F7-4668-BE54-9A1E7A4F7556}") = "PaperCave_Models", "PaperCave_Models\PaperCave_Models.csproj", "{2FAEFF94-753C-4224-815B-642873CF5EBC}"
EndProject
Project("{9A19103F-16F7-4668-BE54-9A1E7A4F7556}") = "PaperCave_API.Tests", "PaperCave_API.Tests\PaperCave_API.Tests.csproj", "{7DFD9F38-DDCE-48EA-B064-4D32302C2043}"
EndProject
Project("{9A19103F-16F7-4668-BE54-9A1E7A4F7556}") = "PaperCave_Library", "PaperCave_Library\PaperCave_Library.csproj", "{A95297E9-217B-4A54-9904-7F738E731212}"
EndProject
Project("{00D1A9C2-B5F0-4AF3-8072-F6C62B433612}") = "PaperCave_DB", "PaperCave_DB\PaperCave_DB.sqlproj", "{DC88B426-EAD8-40B2-9889-D1746EC8A37C}"
EndProject
Project("{FAE04EC0-301F-11D3-BF4B-00C04F79EFBC}") = "PaperCave_Mocks", "PaperCave_Mocks\PaperCave_Mocks.csproj", "{6A8B75F3-600B-4220-8595-B2B7B7EFC76F}"
EndProject
Global
	GlobalSection(SolutionConfigurationPlatforms) = preSolution
		Debug|Any CPU = Debug|Any CPU
		Release|Any CPU = Release|Any CPU
	EndGlobalSection
	GlobalSection(ProjectConfigurationPlatforms) = postSolution
		{C4BAD078-EC6A-41DE-90A0-BB791C8419D8}.Debug|Any CPU.ActiveCfg = Debug|Any CPU
		{C4BAD078-EC6A-41DE-90A0-BB791C8419D8}.Debug|Any CPU.Build.0 = Debug|Any CPU
		{C4BAD078-EC6A-41DE-90A0-BB791C8419D8}.Release|Any CPU.ActiveCfg = Release|Any CPU
		{C4BAD078-EC6A-41DE-90A0-BB791C8419D8}.Release|Any CPU.Build.0 = Release|Any CPU
		{2FAEFF94-753C-4224-815B-642873CF5EBC}.Debug|Any CPU.ActiveCfg = Debug|Any CPU
		{2FAEFF94-753C-4224-815B-642873CF5EBC}.Debug|Any CPU.Build.0 = Debug|Any CPU
		{2FAEFF94-753C-4224-815B-642873CF5EBC}.Release|Any CPU.ActiveCfg = Release|Any CPU
		{2FAEFF94-753C-4224-815B-642873CF5EBC}.Release|Any CPU.Build.0 = Release|Any CPU
		{7DFD9F38-DDCE-48EA-B064-4D32302C2043}.Debug|Any CPU.ActiveCfg = Debug|Any CPU
		{7DFD9F38-DDCE-48EA-B064-4D32302C2043}.Debug|Any CPU.Build.0 = Debug|Any CPU
		{7DFD9F38-DDCE-48EA-B064-4D32302C2043}.Release|Any CPU.ActiveCfg = Release|Any CPU
		{7DFD9F38-DDCE-48EA-B064-4D32302C2043}.Release|Any CPU.Build.0 = Release|Any CPU
		{A95297E9-217B-4A54-9904-7F738E731212}.Debug|Any CPU.ActiveCfg = Debug|Any CPU
		{A95297E9-217B-4A54-9904-7F738E731212}.Debug|Any CPU.Build.0 = Debug|Any CPU
		{A95297E9-217B-4A54-9904-7F738E731212}.Release|Any CPU.ActiveCfg = Release|Any CPU
		{A95297E9-217B-4A54-9904-7F738E731212}.Release|Any CPU.Build.0 = Release|Any CPU
		{DC88B426-EAD8-40B2-9889-D1746EC8A37C}.Debug|Any CPU.ActiveCfg = Debug|Any CPU
		{DC88B426-EAD8-40B2-9889-D1746EC8A37C}.Debug|Any CPU.Build.0 = Debug|Any CPU
		{DC88B426-EAD8-40B2-9889-D1746EC8A37C}.Debug|Any CPU.Deploy.0 = Debug|Any CPU
		{DC88B426-EAD8-40B2-9889-D1746EC8A37C}.Release|Any CPU.ActiveCfg = Release|Any CPU
		{DC88B426-EAD8-40B2-9889-D1746EC8A37C}.Release|Any CPU.Build.0 = Release|Any CPU
		{DC88B426-EAD8-40B2-9889-D1746EC8A37C}.Release|Any CPU.Deploy.0 = Release|Any CPU
		{6A8B75F3-600B-4220-8595-B2B7B7EFC76F}.Debug|Any CPU.ActiveCfg = Debug|Any CPU
		{6A8B75F3-600B-4220-8595-B2B7B7EFC76F}.Debug|Any CPU.Build.0 = Debug|Any CPU
		{6A8B75F3-600B-4220-8595-B2B7B7EFC76F}.Release|Any CPU.ActiveCfg = Release|Any CPU
		{6A8B75F3-600B-4220-8595-B2B7B7EFC76F}.Release|Any CPU.Build.0 = Release|Any CPU
	EndGlobalSection
	GlobalSection(SolutionProperties) = preSolution
		HideSolutionNode = FALSE
	EndGlobalSection
	GlobalSection(ExtensibilityGlobals) = postSolution
		SolutionGuid = {921136A2-B07A-4F9A-BF0D-4555634B4479}
	EndGlobalSection
EndGlobal
