
Microsoft Visual Studio Solution File, Format Version 12.00
# Visual Studio Version 16
VisualStudioVersion = 16.0.29503.13
MinimumVisualStudioVersion = 10.0.40219.1
Project("{9A19103F-16F7-4668-BE54-9A1E7A4F7556}") = "PaperCave_API", "PaperCave_API\PaperCave_API.csproj", "{C4BAD078-EC6A-41DE-90A0-BB791C8419D8}"
EndProject
Project("{9A19103F-16F7-4668-BE54-9A1E7A4F7556}") = "PaperCave_Models", "PaperCave_Models\PaperCave_Models.csproj", "{2FAEFF94-753C-4224-815B-642873CF5EBC}"
EndProject
Project("{FAE04EC0-301F-11D3-BF4B-00C04F79EFBC}") = "PaperCave_API.Tests", "PaperCave_API.Tests\PaperCave_API.Tests.csproj", "{7DFD9F38-DDCE-48EA-B064-4D32302C2043}"
EndProject
Global
	GlobalSection(SolutionConfigurationPlatforms) = preSolution
		Debug|Any CPU = Debug|Any CPU
		Release|Any CPU = Release|Any CPU
	EndGlobalSection
	GlobalSection(ProjectConfigurationPlatforms) = postSolution
		{C4BAD078-EC6A-41DE-90A0-BB791C8419D8}.Debug|Any CPU.ActiveCfg = Debug|Any CPU
		{C4BAD078-EC6A-41DE-90A0-BB791C8419D8}.Debug|Any CPU.Build.0 = Debug|Any CPU
		{C4BAD078-EC6A-41DE-90A0-BB791C8419D8}.Release|Any CPU.ActiveCfg = Release|Any CPU
		{C4BAD078-EC6A-41DE-90A0-BB791C8419D8}.Release|Any CPU.Build.0 = Release|Any CPU
		{2FAEFF94-753C-4224-815B-642873CF5EBC}.Debug|Any CPU.ActiveCfg = Debug|Any CPU
		{2FAEFF94-753C-4224-815B-642873CF5EBC}.Debug|Any CPU.Build.0 = Debug|Any CPU
		{2FAEFF94-753C-4224-815B-642873CF5EBC}.Release|Any CPU.ActiveCfg = Release|Any CPU
		{2FAEFF94-753C-4224-815B-642873CF5EBC}.Release|Any CPU.Build.0 = Release|Any CPU
		{7DFD9F38-DDCE-48EA-B064-4D32302C2043}.Debug|Any CPU.ActiveCfg = Debug|Any CPU
		{7DFD9F38-DDCE-48EA-B064-4D32302C2043}.Debug|Any CPU.Build.0 = Debug|Any CPU
		{7DFD9F38-DDCE-48EA-B064-4D32302C2043}.Release|Any CPU.ActiveCfg = Release|Any CPU
		{7DFD9F38-DDCE-48EA-B064-4D32302C2043}.Release|Any CPU.Build.0 = Release|Any CPU
	EndGlobalSection
	GlobalSection(SolutionProperties) = preSolution
		HideSolutionNode = FALSE
	EndGlobalSection
	GlobalSection(ExtensibilityGlobals) = postSolution
		SolutionGuid = {921136A2-B07A-4F9A-BF0D-4555634B4479}
	EndGlobalSection
EndGlobal
